// !$*UTF8*$!
{
	archiveVersion = 1;
	classes = {
	};
	objectVersion = 46;
	objects = {

/* Begin PBXBuildFile section */
		4923CD4A1C36813C000DF3D9 /* main.m in Sources */ = {isa = PBXBuildFile; fileRef = 4923CD491C36813C000DF3D9 /* main.m */; };
		4923CD4D1C36813C000DF3D9 /* AppDelegate.m in Sources */ = {isa = PBXBuildFile; fileRef = 4923CD4C1C36813C000DF3D9 /* AppDelegate.m */; };
		4923CD501C36813C000DF3D9 /* ViewController.m in Sources */ = {isa = PBXBuildFile; fileRef = 4923CD4F1C36813C000DF3D9 /* ViewController.m */; };
		4923CD531C36813C000DF3D9 /* Main.storyboard in Resources */ = {isa = PBXBuildFile; fileRef = 4923CD511C36813C000DF3D9 /* Main.storyboard */; };
		4923CD551C36813C000DF3D9 /* Assets.xcassets in Resources */ = {isa = PBXBuildFile; fileRef = 4923CD541C36813C000DF3D9 /* Assets.xcassets */; };
		4923CD581C36813C000DF3D9 /* LaunchScreen.storyboard in Resources */ = {isa = PBXBuildFile; fileRef = 4923CD561C36813C000DF3D9 /* LaunchScreen.storyboard */; };
		4923CD631C3684B8000DF3D9 /* Vertex.m in Sources */ = {isa = PBXBuildFile; fileRef = 4923CD621C3684B8000DF3D9 /* Vertex.m */; };
		4923CD661C368814000DF3D9 /* Dot.m in Sources */ = {isa = PBXBuildFile; fileRef = 4923CD651C368814000DF3D9 /* Dot.m */; };
		4923CD691C368966000DF3D9 /* Stroke.m in Sources */ = {isa = PBXBuildFile; fileRef = 4923CD681C368966000DF3D9 /* Stroke.m */; };
		4923CD6E1C36AE2A000DF3D9 /* CanvasView.m in Sources */ = {isa = PBXBuildFile; fileRef = 4923CD6D1C36AE2A000DF3D9 /* CanvasView.m */; };
		4923CD711C36AE9E000DF3D9 /* PaperCanvasView.m in Sources */ = {isa = PBXBuildFile; fileRef = 4923CD701C36AE9E000DF3D9 /* PaperCanvasView.m */; };
		4923CD741C36B074000DF3D9 /* ClothCanvasView.m in Sources */ = {isa = PBXBuildFile; fileRef = 4923CD731C36B074000DF3D9 /* ClothCanvasView.m */; };
		4923CD781C36B375000DF3D9 /* CanvasViewGenerator.m in Sources */ = {isa = PBXBuildFile; fileRef = 4923CD771C36B375000DF3D9 /* CanvasViewGenerator.m */; };
		4923CD7B1C36B3FF000DF3D9 /* PaperCanvasViewGenerator.m in Sources */ = {isa = PBXBuildFile; fileRef = 4923CD7A1C36B3FF000DF3D9 /* PaperCanvasViewGenerator.m */; };
		4923CD7E1C36B45A000DF3D9 /* ClothCanvasViewGenerator.m in Sources */ = {isa = PBXBuildFile; fileRef = 4923CD7D1C36B45A000DF3D9 /* ClothCanvasViewGenerator.m */; };
		4923CD821C36B579000DF3D9 /* CanvasViewController.m in Sources */ = {isa = PBXBuildFile; fileRef = 4923CD811C36B579000DF3D9 /* CanvasViewController.m */; };
/* End PBXBuildFile section */

/* Begin PBXFileReference section */
		4923CD451C36813C000DF3D9 /* myTouchPainter.app */ = {isa = PBXFileReference; explicitFileType = wrapper.application; includeInIndex = 0; path = myTouchPainter.app; sourceTree = BUILT_PRODUCTS_DIR; };
		4923CD491C36813C000DF3D9 /* main.m */ = {isa = PBXFileReference; lastKnownFileType = sourcecode.c.objc; path = main.m; sourceTree = "<group>"; };
		4923CD4B1C36813C000DF3D9 /* AppDelegate.h */ = {isa = PBXFileReference; lastKnownFileType = sourcecode.c.h; path = AppDelegate.h; sourceTree = "<group>"; };
		4923CD4C1C36813C000DF3D9 /* AppDelegate.m */ = {isa = PBXFileReference; lastKnownFileType = sourcecode.c.objc; path = AppDelegate.m; sourceTree = "<group>"; };
		4923CD4E1C36813C000DF3D9 /* ViewController.h */ = {isa = PBXFileReference; lastKnownFileType = sourcecode.c.h; path = ViewController.h; sourceTree = "<group>"; };
		4923CD4F1C36813C000DF3D9 /* ViewController.m */ = {isa = PBXFileReference; lastKnownFileType = sourcecode.c.objc; path = ViewController.m; sourceTree = "<group>"; };
		4923CD521C36813C000DF3D9 /* Base */ = {isa = PBXFileReference; lastKnownFileType = file.storyboard; name = Base; path = Base.lproj/Main.storyboard; sourceTree = "<group>"; };
		4923CD541C36813C000DF3D9 /* Assets.xcassets */ = {isa = PBXFileReference; lastKnownFileType = folder.assetcatalog; path = Assets.xcassets; sourceTree = "<group>"; };
		4923CD571C36813C000DF3D9 /* Base */ = {isa = PBXFileReference; lastKnownFileType = file.storyboard; name = Base; path = Base.lproj/LaunchScreen.storyboard; sourceTree = "<group>"; };
		4923CD591C36813C000DF3D9 /* Info.plist */ = {isa = PBXFileReference; lastKnownFileType = text.plist.xml; path = Info.plist; sourceTree = "<group>"; };
		4923CD601C3683D1000DF3D9 /* Mark.h */ = {isa = PBXFileReference; lastKnownFileType = sourcecode.c.h; path = Mark.h; sourceTree = "<group>"; };
		4923CD611C3684B8000DF3D9 /* Vertex.h */ = {isa = PBXFileReference; fileEncoding = 4; lastKnownFileType = sourcecode.c.h; path = Vertex.h; sourceTree = "<group>"; };
		4923CD621C3684B8000DF3D9 /* Vertex.m */ = {isa = PBXFileReference; fileEncoding = 4; lastKnownFileType = sourcecode.c.objc; path = Vertex.m; sourceTree = "<group>"; };
		4923CD641C368814000DF3D9 /* Dot.h */ = {isa = PBXFileReference; fileEncoding = 4; lastKnownFileType = sourcecode.c.h; path = Dot.h; sourceTree = "<group>"; };
		4923CD651C368814000DF3D9 /* Dot.m */ = {isa = PBXFileReference; fileEncoding = 4; lastKnownFileType = sourcecode.c.objc; path = Dot.m; sourceTree = "<group>"; };
		4923CD671C368966000DF3D9 /* Stroke.h */ = {isa = PBXFileReference; fileEncoding = 4; lastKnownFileType = sourcecode.c.h; path = Stroke.h; sourceTree = "<group>"; };
		4923CD681C368966000DF3D9 /* Stroke.m */ = {isa = PBXFileReference; fileEncoding = 4; lastKnownFileType = sourcecode.c.objc; path = Stroke.m; sourceTree = "<group>"; };
		4923CD6C1C36AE2A000DF3D9 /* CanvasView.h */ = {isa = PBXFileReference; fileEncoding = 4; lastKnownFileType = sourcecode.c.h; path = CanvasView.h; sourceTree = "<group>"; };
		4923CD6D1C36AE2A000DF3D9 /* CanvasView.m */ = {isa = PBXFileReference; fileEncoding = 4; lastKnownFileType = sourcecode.c.objc; path = CanvasView.m; sourceTree = "<group>"; };
		4923CD6F1C36AE9E000DF3D9 /* PaperCanvasView.h */ = {isa = PBXFileReference; fileEncoding = 4; lastKnownFileType = sourcecode.c.h; path = PaperCanvasView.h; sourceTree = "<group>"; };
		4923CD701C36AE9E000DF3D9 /* PaperCanvasView.m */ = {isa = PBXFileReference; fileEncoding = 4; lastKnownFileType = sourcecode.c.objc; path = PaperCanvasView.m; sourceTree = "<group>"; };
		4923CD721C36B074000DF3D9 /* ClothCanvasView.h */ = {isa = PBXFileReference; fileEncoding = 4; lastKnownFileType = sourcecode.c.h; path = ClothCanvasView.h; sourceTree = "<group>"; };
		4923CD731C36B074000DF3D9 /* ClothCanvasView.m */ = {isa = PBXFileReference; fileEncoding = 4; lastKnownFileType = sourcecode.c.objc; path = ClothCanvasView.m; sourceTree = "<group>"; };
		4923CD761C36B375000DF3D9 /* CanvasViewGenerator.h */ = {isa = PBXFileReference; fileEncoding = 4; lastKnownFileType = sourcecode.c.h; path = CanvasViewGenerator.h; sourceTree = "<group>"; };
		4923CD771C36B375000DF3D9 /* CanvasViewGenerator.m */ = {isa = PBXFileReference; fileEncoding = 4; lastKnownFileType = sourcecode.c.objc; path = CanvasViewGenerator.m; sourceTree = "<group>"; };
		4923CD791C36B3FF000DF3D9 /* PaperCanvasViewGenerator.h */ = {isa = PBXFileReference; fileEncoding = 4; lastKnownFileType = sourcecode.c.h; path = PaperCanvasViewGenerator.h; sourceTree = "<group>"; };
		4923CD7A1C36B3FF000DF3D9 /* PaperCanvasViewGenerator.m */ = {isa = PBXFileReference; fileEncoding = 4; lastKnownFileType = sourcecode.c.objc; path = PaperCanvasViewGenerator.m; sourceTree = "<group>"; };
		4923CD7C1C36B45A000DF3D9 /* ClothCanvasViewGenerator.h */ = {isa = PBXFileReference; fileEncoding = 4; lastKnownFileType = sourcecode.c.h; path = ClothCanvasViewGenerator.h; sourceTree = "<group>"; };
		4923CD7D1C36B45A000DF3D9 /* ClothCanvasViewGenerator.m */ = {isa = PBXFileReference; fileEncoding = 4; lastKnownFileType = sourcecode.c.objc; path = ClothCanvasViewGenerator.m; sourceTree = "<group>"; };
		4923CD801C36B579000DF3D9 /* CanvasViewController.h */ = {isa = PBXFileReference; fileEncoding = 4; lastKnownFileType = sourcecode.c.h; path = CanvasViewController.h; sourceTree = "<group>"; };
		4923CD811C36B579000DF3D9 /* CanvasViewController.m */ = {isa = PBXFileReference; fileEncoding = 4; lastKnownFileType = sourcecode.c.objc; path = CanvasViewController.m; sourceTree = "<group>"; };
/* End PBXFileReference section */

/* Begin PBXFrameworksBuildPhase section */
		4923CD421C36813C000DF3D9 /* Frameworks */ = {
			isa = PBXFrameworksBuildPhase;
			buildActionMask = 2147483647;
			files = (
			);
			runOnlyForDeploymentPostprocessing = 0;
		};
/* End PBXFrameworksBuildPhase section */

/* Begin PBXGroup section */
		4923CD3C1C36813C000DF3D9 = {
			isa = PBXGroup;
			children = (
				4923CD471C36813C000DF3D9 /* myTouchPainter */,
				4923CD461C36813C000DF3D9 /* Products */,
			);
			sourceTree = "<group>";
		};
		4923CD461C36813C000DF3D9 /* Products */ = {
			isa = PBXGroup;
			children = (
				4923CD451C36813C000DF3D9 /* myTouchPainter.app */,
			);
			name = Products;
			sourceTree = "<group>";
		};
		4923CD471C36813C000DF3D9 /* myTouchPainter */ = {
			isa = PBXGroup;
			children = (
				4923CD7F1C36B4D1000DF3D9 /* View Controllers */,
				4923CD751C36B362000DF3D9 /* Factory Method */,
				4923CD6B1C36AE0D000DF3D9 /* View */,
				4923CD5F1C3683A9000DF3D9 /* Composite Prototype Iterator */,
				4923CD4B1C36813C000DF3D9 /* AppDelegate.h */,
				4923CD4C1C36813C000DF3D9 /* AppDelegate.m */,
				4923CD4E1C36813C000DF3D9 /* ViewController.h */,
				4923CD4F1C36813C000DF3D9 /* ViewController.m */,
				4923CD511C36813C000DF3D9 /* Main.storyboard */,
				4923CD541C36813C000DF3D9 /* Assets.xcassets */,
				4923CD561C36813C000DF3D9 /* LaunchScreen.storyboard */,
				4923CD591C36813C000DF3D9 /* Info.plist */,
				4923CD481C36813C000DF3D9 /* Supporting Files */,
			);
			path = myTouchPainter;
			sourceTree = "<group>";
		};
		4923CD481C36813C000DF3D9 /* Supporting Files */ = {
			isa = PBXGroup;
			children = (
				4923CD491C36813C000DF3D9 /* main.m */,
			);
			name = "Supporting Files";
			sourceTree = "<group>";
		};
		4923CD5F1C3683A9000DF3D9 /* Composite Prototype Iterator */ = {
			isa = PBXGroup;
			children = (
				4923CD601C3683D1000DF3D9 /* Mark.h */,
				4923CD611C3684B8000DF3D9 /* Vertex.h */,
				4923CD621C3684B8000DF3D9 /* Vertex.m */,
				4923CD641C368814000DF3D9 /* Dot.h */,
				4923CD651C368814000DF3D9 /* Dot.m */,
				4923CD671C368966000DF3D9 /* Stroke.h */,
				4923CD681C368966000DF3D9 /* Stroke.m */,
			);
			name = "Composite Prototype Iterator";
			sourceTree = "<group>";
		};
		4923CD6B1C36AE0D000DF3D9 /* View */ = {
			isa = PBXGroup;
			children = (
				4923CD6C1C36AE2A000DF3D9 /* CanvasView.h */,
				4923CD6D1C36AE2A000DF3D9 /* CanvasView.m */,
				4923CD6F1C36AE9E000DF3D9 /* PaperCanvasView.h */,
				4923CD701C36AE9E000DF3D9 /* PaperCanvasView.m */,
				4923CD721C36B074000DF3D9 /* ClothCanvasView.h */,
				4923CD731C36B074000DF3D9 /* ClothCanvasView.m */,
			);
			name = View;
			sourceTree = "<group>";
		};
		4923CD751C36B362000DF3D9 /* Factory Method */ = {
			isa = PBXGroup;
			children = (
				4923CD761C36B375000DF3D9 /* CanvasViewGenerator.h */,
				4923CD771C36B375000DF3D9 /* CanvasViewGenerator.m */,
				4923CD791C36B3FF000DF3D9 /* PaperCanvasViewGenerator.h */,
				4923CD7A1C36B3FF000DF3D9 /* PaperCanvasViewGenerator.m */,
				4923CD7C1C36B45A000DF3D9 /* ClothCanvasViewGenerator.h */,
				4923CD7D1C36B45A000DF3D9 /* ClothCanvasViewGenerator.m */,
			);
			name = "Factory Method";
			sourceTree = "<group>";
		};
		4923CD7F1C36B4D1000DF3D9 /* View Controllers */ = {
			isa = PBXGroup;
			children = (
				4923CD801C36B579000DF3D9 /* CanvasViewController.h */,
				4923CD811C36B579000DF3D9 /* CanvasViewController.m */,
			);
			name = "View Controllers";
			sourceTree = "<group>";
		};
/* End PBXGroup section */

/* Begin PBXNativeTarget section */
		4923CD441C36813C000DF3D9 /* myTouchPainter */ = {
			isa = PBXNativeTarget;
			buildConfigurationList = 4923CD5C1C36813C000DF3D9 /* Build configuration list for PBXNativeTarget "myTouchPainter" */;
			buildPhases = (
				4923CD411C36813C000DF3D9 /* Sources */,
				4923CD421C36813C000DF3D9 /* Frameworks */,
				4923CD431C36813C000DF3D9 /* Resources */,
			);
			buildRules = (
			);
			dependencies = (
			);
			name = myTouchPainter;
			productName = myTouchPainter;
			productReference = 4923CD451C36813C000DF3D9 /* myTouchPainter.app */;
			productType = "com.apple.product-type.application";
		};
/* End PBXNativeTarget section */

/* Begin PBXProject section */
		4923CD3D1C36813C000DF3D9 /* Project object */ = {
			isa = PBXProject;
			attributes = {
				LastUpgradeCheck = 0720;
				ORGANIZATIONNAME = liushu;
				TargetAttributes = {
					4923CD441C36813C000DF3D9 = {
						CreatedOnToolsVersion = 7.2;
						DevelopmentTeam = ZDXA78GYHF;
					};
				};
			};
			buildConfigurationList = 4923CD401C36813C000DF3D9 /* Build configuration list for PBXProject "myTouchPainter" */;
			compatibilityVersion = "Xcode 3.2";
			developmentRegion = English;
			hasScannedForEncodings = 0;
			knownRegions = (
				en,
				Base,
			);
			mainGroup = 4923CD3C1C36813C000DF3D9;
			productRefGroup = 4923CD461C36813C000DF3D9 /* Products */;
			projectDirPath = "";
			projectRoot = "";
			targets = (
				4923CD441C36813C000DF3D9 /* myTouchPainter */,
			);
		};
/* End PBXProject section */

/* Begin PBXResourcesBuildPhase section */
		4923CD431C36813C000DF3D9 /* Resources */ = {
			isa = PBXResourcesBuildPhase;
			buildActionMask = 2147483647;
			files = (
				4923CD581C36813C000DF3D9 /* LaunchScreen.storyboard in Resources */,
				4923CD551C36813C000DF3D9 /* Assets.xcassets in Resources */,
				4923CD531C36813C000DF3D9 /* Main.storyboard in Resources */,
			);
			runOnlyForDeploymentPostprocessing = 0;
		};
/* End PBXResourcesBuildPhase section */

/* Begin PBXSourcesBuildPhase section */
		4923CD411C36813C000DF3D9 /* Sources */ = {
			isa = PBXSourcesBuildPhase;
			buildActionMask = 2147483647;
			files = (
				4923CD781C36B375000DF3D9 /* CanvasViewGenerator.m in Sources */,
				4923CD7E1C36B45A000DF3D9 /* ClothCanvasViewGenerator.m in Sources */,
				4923CD501C36813C000DF3D9 /* ViewController.m in Sources */,
				4923CD821C36B579000DF3D9 /* CanvasViewController.m in Sources */,
				4923CD631C3684B8000DF3D9 /* Vertex.m in Sources */,
				4923CD7B1C36B3FF000DF3D9 /* PaperCanvasViewGenerator.m in Sources */,
				4923CD741C36B074000DF3D9 /* ClothCanvasView.m in Sources */,
				4923CD4D1C36813C000DF3D9 /* AppDelegate.m in Sources */,
				4923CD711C36AE9E000DF3D9 /* PaperCanvasView.m in Sources */,
				4923CD661C368814000DF3D9 /* Dot.m in Sources */,
				4923CD6E1C36AE2A000DF3D9 /* CanvasView.m in Sources */,
				4923CD4A1C36813C000DF3D9 /* main.m in Sources */,
				4923CD691C368966000DF3D9 /* Stroke.m in Sources */,
			);
			runOnlyForDeploymentPostprocessing = 0;
		};
/* End PBXSourcesBuildPhase section */

/* Begin PBXVariantGroup section */
		4923CD511C36813C000DF3D9 /* Main.storyboard */ = {
			isa = PBXVariantGroup;
			children = (
				4923CD521C36813C000DF3D9 /* Base */,
			);
			name = Main.storyboard;
			sourceTree = "<group>";
		};
		4923CD561C36813C000DF3D9 /* LaunchScreen.storyboard */ = {
			isa = PBXVariantGroup;
			children = (
				4923CD571C36813C000DF3D9 /* Base */,
			);
			name = LaunchScreen.storyboard;
			sourceTree = "<group>";
		};
/* End PBXVariantGroup section */

/* Begin XCBuildConfiguration section */
		4923CD5A1C36813C000DF3D9 /* Debug */ = {
			isa = XCBuildConfiguration;
			buildSettings = {
				ALWAYS_SEARCH_USER_PATHS = NO;
				CLANG_CXX_LANGUAGE_STANDARD = "gnu++0x";
				CLANG_CXX_LIBRARY = "libc++";
				CLANG_ENABLE_MODULES = YES;
				CLANG_ENABLE_OBJC_ARC = YES;
				CLANG_WARN_BOOL_CONVERSION = YES;
				CLANG_WARN_CONSTANT_CONVERSION = YES;
				CLANG_WARN_DIRECT_OBJC_ISA_USAGE = YES_ERROR;
				CLANG_WARN_EMPTY_BODY = YES;
				CLANG_WARN_ENUM_CONVERSION = YES;
				CLANG_WARN_INT_CONVERSION = YES;
				CLANG_WARN_OBJC_ROOT_CLASS = YES_ERROR;
				CLANG_WARN_UNREACHABLE_CODE = YES;
				CLANG_WARN__DUPLICATE_METHOD_MATCH = YES;
				"CODE_SIGN_IDENTITY[sdk=iphoneos*]" = "iPhone Developer";
				COPY_PHASE_STRIP = NO;
				DEBUG_INFORMATION_FORMAT = dwarf;
				ENABLE_STRICT_OBJC_MSGSEND = YES;
				ENABLE_TESTABILITY = YES;
				GCC_C_LANGUAGE_STANDARD = gnu99;
				GCC_DYNAMIC_NO_PIC = NO;
				GCC_NO_COMMON_BLOCKS = YES;
				GCC_OPTIMIZATION_LEVEL = 0;
				GCC_PREPROCESSOR_DEFINITIONS = (
					"DEBUG=1",
					"$(inherited)",
				);
				GCC_WARN_64_TO_32_BIT_CONVERSION = YES;
				GCC_WARN_ABOUT_RETURN_TYPE = YES_ERROR;
				GCC_WARN_UNDECLARED_SELECTOR = YES;
				GCC_WARN_UNINITIALIZED_AUTOS = YES_AGGRESSIVE;
				GCC_WARN_UNUSED_FUNCTION = YES;
				GCC_WARN_UNUSED_VARIABLE = YES;
				IPHONEOS_DEPLOYMENT_TARGET = 9.2;
				MTL_ENABLE_DEBUG_INFO = YES;
				ONLY_ACTIVE_ARCH = YES;
				SDKROOT = iphoneos;
			};
			name = Debug;
		};
		4923CD5B1C36813C000DF3D9 /* Release */ = {
			isa = XCBuildConfiguration;
			buildSettings = {
				ALWAYS_SEARCH_USER_PATHS = NO;
				CLANG_CXX_LANGUAGE_STANDARD = "gnu++0x";
				CLANG_CXX_LIBRARY = "libc++";
				CLANG_ENABLE_MODULES = YES;
				CLANG_ENABLE_OBJC_ARC = YES;
				CLANG_WARN_BOOL_CONVERSION = YES;
				CLANG_WARN_CONSTANT_CONVERSION = YES;
				CLANG_WARN_DIRECT_OBJC_ISA_USAGE = YES_ERROR;
				CLANG_WARN_EMPTY_BODY = YES;
				CLANG_WARN_ENUM_CONVERSION = YES;
				CLANG_WARN_INT_CONVERSION = YES;
				CLANG_WARN_OBJC_ROOT_CLASS = YES_ERROR;
				CLANG_WARN_UNREACHABLE_CODE = YES;
				CLANG_WARN__DUPLICATE_METHOD_MATCH = YES;
				"CODE_SIGN_IDENTITY[sdk=iphoneos*]" = "iPhone Developer";
				COPY_PHASE_STRIP = NO;
				DEBUG_INFORMATION_FORMAT = "dwarf-with-dsym";
				ENABLE_NS_ASSERTIONS = NO;
				ENABLE_STRICT_OBJC_MSGSEND = YES;
				GCC_C_LANGUAGE_STANDARD = gnu99;
				GCC_NO_COMMON_BLOCKS = YES;
				GCC_WARN_64_TO_32_BIT_CONVERSION = YES;
				GCC_WARN_ABOUT_RETURN_TYPE = YES_ERROR;
				GCC_WARN_UNDECLARED_SELECTOR = YES;
				GCC_WARN_UNINITIALIZED_AUTOS = YES_AGGRESSIVE;
				GCC_WARN_UNUSED_FUNCTION = YES;
				GCC_WARN_UNUSED_VARIABLE = YES;
				IPHONEOS_DEPLOYMENT_TARGET = 9.2;
				MTL_ENABLE_DEBUG_INFO = NO;
				SDKROOT = iphoneos;
				VALIDATE_PRODUCT = YES;
			};
			name = Release;
		};
		4923CD5D1C36813C000DF3D9 /* Debug */ = {
			isa = XCBuildConfiguration;
			buildSettings = {
				ASSETCATALOG_COMPILER_APPICON_NAME = AppIcon;
				INFOPLIST_FILE = myTouchPainter/Info.plist;
				LD_RUNPATH_SEARCH_PATHS = "$(inherited) @executable_path/Frameworks";
				PRODUCT_BUNDLE_IDENTIFIER = LS.myTouchPainter;
				PRODUCT_NAME = "$(TARGET_NAME)";
			};
			name = Debug;
		};
		4923CD5E1C36813C000DF3D9 /* Release */ = {
			isa = XCBuildConfiguration;
			buildSettings = {
				ASSETCATALOG_COMPILER_APPICON_NAME = AppIcon;
				INFOPLIST_FILE = myTouchPainter/Info.plist;
				LD_RUNPATH_SEARCH_PATHS = "$(inherited) @executable_path/Frameworks";
				PRODUCT_BUNDLE_IDENTIFIER = LS.myTouchPainter;
				PRODUCT_NAME = "$(TARGET_NAME)";
			};
			name = Release;
		};
/* End XCBuildConfiguration section */

/* Begin XCConfigurationList section */
		4923CD401C36813C000DF3D9 /* Build configuration list for PBXProject "myTouchPainter" */ = {
			isa = XCConfigurationList;
			buildConfigurations = (
				4923CD5A1C36813C000DF3D9 /* Debug */,
				4923CD5B1C36813C000DF3D9 /* Release */,
			);
			defaultConfigurationIsVisible = 0;
			defaultConfigurationName = Release;
		};
		4923CD5C1C36813C000DF3D9 /* Build configuration list for PBXNativeTarget "myTouchPainter" */ = {
			isa = XCConfigurationList;
			buildConfigurations = (
				4923CD5D1C36813C000DF3D9 /* Debug */,
				4923CD5E1C36813C000DF3D9 /* Release */,
			);
			defaultConfigurationIsVisible = 0;
		};
/* End XCConfigurationList section */
	};
	rootObject = 4923CD3D1C36813C000DF3D9 /* Project object */;
}
